
Microsoft Visual Studio Solution File, Format Version 12.00
# Visual Studio Version 17
VisualStudioVersion = 17.4.33213.308
MinimumVisualStudioVersion = 10.0.40219.1
Project("{FAE04EC0-301F-11D3-BF4B-00C04F79EFBC}") = "BussinessObject", "BussinessObject\BussinessObject.csproj", "{EB1A8CEA-C75A-4444-903E-9E1D758C8799}"
EndProject
Project("{FAE04EC0-301F-11D3-BF4B-00C04F79EFBC}") = "DataAccess", "DataAccess\DataAccess.csproj", "{2AB490B5-6CE5-438A-950F-06E422C6AF61}"
EndProject
Project("{FAE04EC0-301F-11D3-BF4B-00C04F79EFBC}") = "Repositories", "Repository\Repositories.csproj", "{969C9DE1-3A26-460B-AD9B-12DE67B3E458}"
EndProject
Global
	GlobalSection(SolutionConfigurationPlatforms) = preSolution
		Debug|Any CPU = Debug|Any CPU
		Release|Any CPU = Release|Any CPU
	EndGlobalSection
	GlobalSection(ProjectConfigurationPlatforms) = postSolution
		{EB1A8CEA-C75A-4444-903E-9E1D758C8799}.Debug|Any CPU.ActiveCfg = Debug|Any CPU
		{EB1A8CEA-C75A-4444-903E-9E1D758C8799}.Debug|Any CPU.Build.0 = Debug|Any CPU
		{EB1A8CEA-C75A-4444-903E-9E1D758C8799}.Release|Any CPU.ActiveCfg = Release|Any CPU
		{EB1A8CEA-C75A-4444-903E-9E1D758C8799}.Release|Any CPU.Build.0 = Release|Any CPU
		{2AB490B5-6CE5-438A-950F-06E422C6AF61}.Debug|Any CPU.ActiveCfg = Debug|Any CPU
		{2AB490B5-6CE5-438A-950F-06E422C6AF61}.Debug|Any CPU.Build.0 = Debug|Any CPU
		{2AB490B5-6CE5-438A-950F-06E422C6AF61}.Release|Any CPU.ActiveCfg = Release|Any CPU
		{2AB490B5-6CE5-438A-950F-06E422C6AF61}.Release|Any CPU.Build.0 = Release|Any CPU
		{969C9DE1-3A26-460B-AD9B-12DE67B3E458}.Debug|Any CPU.ActiveCfg = Debug|Any CPU
		{969C9DE1-3A26-460B-AD9B-12DE67B3E458}.Debug|Any CPU.Build.0 = Debug|Any CPU
		{969C9DE1-3A26-460B-AD9B-12DE67B3E458}.Release|Any CPU.ActiveCfg = Release|Any CPU
		{969C9DE1-3A26-460B-AD9B-12DE67B3E458}.Release|Any CPU.Build.0 = Release|Any CPU
	EndGlobalSection
	GlobalSection(SolutionProperties) = preSolution
		HideSolutionNode = FALSE
	EndGlobalSection
	GlobalSection(ExtensibilityGlobals) = postSolution
		SolutionGuid = {C93644AC-BE90-4E24-B9CA-13E0A5D47340}
	EndGlobalSection
EndGlobal
